
Microsoft Visual Studio Solution File, Format Version 12.00
Project("{FAE04EC0-301F-11D3-BF4B-00C04F79EFBC}") = "Kertaus Promillet", "Kertaus Promillet.csproj", "{47AC3F28-79BE-4CF9-BF45-502AD09512DC}"
EndProject
Global
	GlobalSection(SolutionConfigurationPlatforms) = preSolution
		Debug|Any CPU = Debug|Any CPU
		Release|Any CPU = Release|Any CPU
	EndGlobalSection
	GlobalSection(ProjectConfigurationPlatforms) = postSolution
		{47AC3F28-79BE-4CF9-BF45-502AD09512DC}.Debug|Any CPU.ActiveCfg = Debug|Any CPU
		{47AC3F28-79BE-4CF9-BF45-502AD09512DC}.Debug|Any CPU.Build.0 = Debug|Any CPU
		{47AC3F28-79BE-4CF9-BF45-502AD09512DC}.Release|Any CPU.ActiveCfg = Release|Any CPU
		{47AC3F28-79BE-4CF9-BF45-502AD09512DC}.Release|Any CPU.Build.0 = Release|Any CPU
	EndGlobalSection
EndGlobal
